
Microsoft Visual Studio Solution File, Format Version 12.00
# Visual Studio Version 17
VisualStudioVersion = 17.4.33213.308
MinimumVisualStudioVersion = 10.0.40219.1
Project("{9A19103F-16F7-4668-BE54-9A1E7A4F7556}") = "Client", "Client\Client.csproj", "{68892045-452C-4AA8-BA1A-978846A7803C}"
EndProject
Project("{2150E333-8FDC-42A3-9474-1A3956D46DE8}") = "Tests", "Tests", "{134BD5AA-8DD2-4EEF-BBB4-393C4B631E8A}"
EndProject
Project("{9A19103F-16F7-4668-BE54-9A1E7A4F7556}") = "IntegrationTests", "Tests\IntegrationTests\IntegrationTests.csproj", "{A0C7B3A6-61C0-441C-8BD1-66517F08C14D}"
EndProject
Project("{FAE04EC0-301F-11D3-BF4B-00C04F79EFBC}") = "CodeGenerator", "CodeGenerator\CodeGenerator.csproj", "{E05F4484-2F33-472E-B9D3-1D8AC5C4E414}"
EndProject
Project("{FAE04EC0-301F-11D3-BF4B-00C04F79EFBC}") = "Pipelines", "Pipelines\Pipelines.csproj", "{F5F3276F-78AC-4016-934A-88204DD07661}"
EndProject
Project("{FAE04EC0-301F-11D3-BF4B-00C04F79EFBC}") = "Thunk", "Thunk\Thunk.csproj", "{130FCE43-6F35-45CD-A9D6-DAB0DD775077}"
EndProject
Project("{FAE04EC0-301F-11D3-BF4B-00C04F79EFBC}") = "ModuleTest", "ModuleTest\ModuleTest.csproj", "{F87EF24D-9A48-41B3-9504-2358DBBC356F}"
EndProject
Project("{FAE04EC0-301F-11D3-BF4B-00C04F79EFBC}") = "Primer", "Primer\Primer.csproj", "{06DB2E16-EBEE-42BD-BDF0-532DF5542BD8}"
EndProject
Global
	GlobalSection(SolutionConfigurationPlatforms) = preSolution
		Debug|Any CPU = Debug|Any CPU
		Release|Any CPU = Release|Any CPU
	EndGlobalSection
	GlobalSection(ProjectConfigurationPlatforms) = postSolution
		{68892045-452C-4AA8-BA1A-978846A7803C}.Debug|Any CPU.ActiveCfg = Debug|Any CPU
		{68892045-452C-4AA8-BA1A-978846A7803C}.Debug|Any CPU.Build.0 = Debug|Any CPU
		{68892045-452C-4AA8-BA1A-978846A7803C}.Release|Any CPU.ActiveCfg = Release|Any CPU
		{68892045-452C-4AA8-BA1A-978846A7803C}.Release|Any CPU.Build.0 = Release|Any CPU
		{A0C7B3A6-61C0-441C-8BD1-66517F08C14D}.Debug|Any CPU.ActiveCfg = Debug|Any CPU
		{A0C7B3A6-61C0-441C-8BD1-66517F08C14D}.Debug|Any CPU.Build.0 = Debug|Any CPU
		{A0C7B3A6-61C0-441C-8BD1-66517F08C14D}.Release|Any CPU.ActiveCfg = Release|Any CPU
		{A0C7B3A6-61C0-441C-8BD1-66517F08C14D}.Release|Any CPU.Build.0 = Release|Any CPU
		{E05F4484-2F33-472E-B9D3-1D8AC5C4E414}.Debug|Any CPU.ActiveCfg = Debug|Any CPU
		{E05F4484-2F33-472E-B9D3-1D8AC5C4E414}.Debug|Any CPU.Build.0 = Debug|Any CPU
		{E05F4484-2F33-472E-B9D3-1D8AC5C4E414}.Release|Any CPU.ActiveCfg = Release|Any CPU
		{E05F4484-2F33-472E-B9D3-1D8AC5C4E414}.Release|Any CPU.Build.0 = Release|Any CPU
		{F5F3276F-78AC-4016-934A-88204DD07661}.Debug|Any CPU.ActiveCfg = Debug|Any CPU
		{F5F3276F-78AC-4016-934A-88204DD07661}.Debug|Any CPU.Build.0 = Debug|Any CPU
		{F5F3276F-78AC-4016-934A-88204DD07661}.Release|Any CPU.ActiveCfg = Release|Any CPU
		{F5F3276F-78AC-4016-934A-88204DD07661}.Release|Any CPU.Build.0 = Release|Any CPU
		{130FCE43-6F35-45CD-A9D6-DAB0DD775077}.Debug|Any CPU.ActiveCfg = Debug|Any CPU
		{130FCE43-6F35-45CD-A9D6-DAB0DD775077}.Debug|Any CPU.Build.0 = Debug|Any CPU
		{130FCE43-6F35-45CD-A9D6-DAB0DD775077}.Release|Any CPU.ActiveCfg = Release|Any CPU
		{130FCE43-6F35-45CD-A9D6-DAB0DD775077}.Release|Any CPU.Build.0 = Release|Any CPU
		{F87EF24D-9A48-41B3-9504-2358DBBC356F}.Debug|Any CPU.ActiveCfg = Debug|Any CPU
		{F87EF24D-9A48-41B3-9504-2358DBBC356F}.Debug|Any CPU.Build.0 = Debug|Any CPU
		{F87EF24D-9A48-41B3-9504-2358DBBC356F}.Release|Any CPU.ActiveCfg = Release|Any CPU
		{F87EF24D-9A48-41B3-9504-2358DBBC356F}.Release|Any CPU.Build.0 = Release|Any CPU
		{06DB2E16-EBEE-42BD-BDF0-532DF5542BD8}.Debug|Any CPU.ActiveCfg = Debug|Any CPU
		{06DB2E16-EBEE-42BD-BDF0-532DF5542BD8}.Debug|Any CPU.Build.0 = Debug|Any CPU
		{06DB2E16-EBEE-42BD-BDF0-532DF5542BD8}.Release|Any CPU.ActiveCfg = Release|Any CPU
		{06DB2E16-EBEE-42BD-BDF0-532DF5542BD8}.Release|Any CPU.Build.0 = Release|Any CPU
	EndGlobalSection
	GlobalSection(SolutionProperties) = preSolution
		HideSolutionNode = FALSE
	EndGlobalSection
	GlobalSection(NestedProjects) = preSolution
		{A0C7B3A6-61C0-441C-8BD1-66517F08C14D} = {134BD5AA-8DD2-4EEF-BBB4-393C4B631E8A}
	EndGlobalSection
	GlobalSection(ExtensibilityGlobals) = postSolution
		SolutionGuid = {578F7FE8-F7C2-4C2A-9AC1-7EAC171BA6A2}
	EndGlobalSection
EndGlobal
